
Microsoft Visual Studio Solution File, Format Version 12.00
# Visual Studio Version 17
VisualStudioVersion = 17.14.36301.6 d17.14
MinimumVisualStudioVersion = 10.0.40219.1
Project("{FAE04EC0-301F-11D3-BF4B-00C04F79EFBC}") = "SSToDo", "SSToDo.csproj", "{A1FDE0C3-9948-4795-8070-E36F36DA97CF}"
EndProject
Global
	GlobalSection(SolutionConfigurationPlatforms) = preSolution
		Debug|Any CPU = Debug|Any CPU
		Release|Any CPU = Release|Any CPU
	EndGlobalSection
	GlobalSection(ProjectConfigurationPlatforms) = postSolution
		{A1FDE0C3-9948-4795-8070-E36F36DA97CF}.Debug|Any CPU.ActiveCfg = Debug|Any CPU
		{A1FDE0C3-9948-4795-8070-E36F36DA97CF}.Debug|Any CPU.Build.0 = Debug|Any CPU
		{A1FDE0C3-9948-4795-8070-E36F36DA97CF}.Release|Any CPU.ActiveCfg = Release|Any CPU
		{A1FDE0C3-9948-4795-8070-E36F36DA97CF}.Release|Any CPU.Build.0 = Release|Any CPU
	EndGlobalSection
	GlobalSection(SolutionProperties) = preSolution
		HideSolutionNode = FALSE
	EndGlobalSection
	GlobalSection(ExtensibilityGlobals) = postSolution
		SolutionGuid = {3608B7E0-9F1D-44FE-9270-F4A12DE76A27}
	EndGlobalSection
EndGlobal
